
Microsoft Visual Studio Solution File, Format Version 12.00
# Visual Studio Version 17
VisualStudioVersion = 17.9.34728.123
MinimumVisualStudioVersion = 10.0.40219.1
Project("{FAE04EC0-301F-11D3-BF4B-00C04F79EFBC}") = "Patient-Services", "Patient-Services.csproj", "{7EE43112-CBD6-4CC8-A5C4-01F0E922C435}"
EndProject
Global
	GlobalSection(SolutionConfigurationPlatforms) = preSolution
		Debug|Any CPU = Debug|Any CPU
		Release|Any CPU = Release|Any CPU
	EndGlobalSection
	GlobalSection(ProjectConfigurationPlatforms) = postSolution
		{7EE43112-CBD6-4CC8-A5C4-01F0E922C435}.Debug|Any CPU.ActiveCfg = Debug|Any CPU
		{7EE43112-CBD6-4CC8-A5C4-01F0E922C435}.Debug|Any CPU.Build.0 = Debug|Any CPU
		{7EE43112-CBD6-4CC8-A5C4-01F0E922C435}.Release|Any CPU.ActiveCfg = Release|Any CPU
		{7EE43112-CBD6-4CC8-A5C4-01F0E922C435}.Release|Any CPU.Build.0 = Release|Any CPU
	EndGlobalSection
	GlobalSection(SolutionProperties) = preSolution
		HideSolutionNode = FALSE
	EndGlobalSection
	GlobalSection(ExtensibilityGlobals) = postSolution
		SolutionGuid = {6DB2F068-F214-48CB-9D96-9FE1294B21CA}
	EndGlobalSection
EndGlobal
