
Microsoft Visual Studio Solution File, Format Version 12.00
# Visual Studio Version 17
VisualStudioVersion = 17.0.31903.59
MinimumVisualStudioVersion = 10.0.40219.1
Project("{9A19103F-16F7-4668-BE54-9A1E7A4F7556}") = "ApiGateway", "ApiGateway\ApiGateway.csproj", "{ABA74CC4-FAAB-4961-971F-3B55AD98FE97}"
EndProject
Project("{9A19103F-16F7-4668-BE54-9A1E7A4F7556}") = "DiabetesRiskAssessmentService", "DiabetesRiskAssessmentService\DiabetesRiskAssessmentService.csproj", "{984F79B8-036A-4883-A4F0-413931698456}"
EndProject
Project("{9A19103F-16F7-4668-BE54-9A1E7A4F7556}") = "MediacalNotes-Service", "MediacalNotes-Service\MediacalNotes-Service.csproj", "{5BEDF734-E1D7-4987-8879-C7CC6FA6F45B}"
EndProject
Project("{9A19103F-16F7-4668-BE54-9A1E7A4F7556}") = "Patient-Services", "Patient-Services\Patient-Services.csproj", "{D966A213-6C13-4104-9236-28B21E3752E9}"
EndProject
Project("{9A19103F-16F7-4668-BE54-9A1E7A4F7556}") = "MicroFrontEnd", "MicroFrontEnd\MicroFrontEnd.csproj", "{8B32BE33-F653-42BB-A412-DF6FC974205E}"
EndProject
Project("{2150E333-8FDC-42A3-9474-1A3956D46DE8}") = "Éléments de solution", "Éléments de solution", "{68CCD36E-7B62-424F-8BD6-5BD0ED3F83BD}"
	ProjectSection(SolutionItems) = preProject
		docker-compose.yml = docker-compose.yml
	EndProjectSection
EndProject
Global
	GlobalSection(SolutionConfigurationPlatforms) = preSolution
		Debug|Any CPU = Debug|Any CPU
		Release|Any CPU = Release|Any CPU
	EndGlobalSection
	GlobalSection(ProjectConfigurationPlatforms) = postSolution
		{ABA74CC4-FAAB-4961-971F-3B55AD98FE97}.Debug|Any CPU.ActiveCfg = Debug|Any CPU
		{ABA74CC4-FAAB-4961-971F-3B55AD98FE97}.Debug|Any CPU.Build.0 = Debug|Any CPU
		{ABA74CC4-FAAB-4961-971F-3B55AD98FE97}.Release|Any CPU.ActiveCfg = Release|Any CPU
		{ABA74CC4-FAAB-4961-971F-3B55AD98FE97}.Release|Any CPU.Build.0 = Release|Any CPU
		{984F79B8-036A-4883-A4F0-413931698456}.Debug|Any CPU.ActiveCfg = Debug|Any CPU
		{984F79B8-036A-4883-A4F0-413931698456}.Debug|Any CPU.Build.0 = Debug|Any CPU
		{984F79B8-036A-4883-A4F0-413931698456}.Release|Any CPU.ActiveCfg = Release|Any CPU
		{984F79B8-036A-4883-A4F0-413931698456}.Release|Any CPU.Build.0 = Release|Any CPU
		{5BEDF734-E1D7-4987-8879-C7CC6FA6F45B}.Debug|Any CPU.ActiveCfg = Debug|Any CPU
		{5BEDF734-E1D7-4987-8879-C7CC6FA6F45B}.Debug|Any CPU.Build.0 = Debug|Any CPU
		{5BEDF734-E1D7-4987-8879-C7CC6FA6F45B}.Release|Any CPU.ActiveCfg = Release|Any CPU
		{5BEDF734-E1D7-4987-8879-C7CC6FA6F45B}.Release|Any CPU.Build.0 = Release|Any CPU
		{D966A213-6C13-4104-9236-28B21E3752E9}.Debug|Any CPU.ActiveCfg = Debug|Any CPU
		{D966A213-6C13-4104-9236-28B21E3752E9}.Debug|Any CPU.Build.0 = Debug|Any CPU
		{D966A213-6C13-4104-9236-28B21E3752E9}.Release|Any CPU.ActiveCfg = Release|Any CPU
		{D966A213-6C13-4104-9236-28B21E3752E9}.Release|Any CPU.Build.0 = Release|Any CPU
		{8B32BE33-F653-42BB-A412-DF6FC974205E}.Debug|Any CPU.ActiveCfg = Debug|Any CPU
		{8B32BE33-F653-42BB-A412-DF6FC974205E}.Debug|Any CPU.Build.0 = Debug|Any CPU
		{8B32BE33-F653-42BB-A412-DF6FC974205E}.Release|Any CPU.ActiveCfg = Release|Any CPU
		{8B32BE33-F653-42BB-A412-DF6FC974205E}.Release|Any CPU.Build.0 = Release|Any CPU
	EndGlobalSection
	GlobalSection(SolutionProperties) = preSolution
		HideSolutionNode = FALSE
	EndGlobalSection
	GlobalSection(ExtensibilityGlobals) = postSolution
		SolutionGuid = {8B0AAC06-E0D7-469C-B33A-3F8BC736DB1A}
	EndGlobalSection
EndGlobal
